// !$*UTF8*$!
{
	archiveVersion = 1;
	classes = {
	};
	objectVersion = 56;
	objects = {

/* Begin PBXBuildFile section */
		3BDCE84C342C14A5955A01A8 /* Pods_ToDoAppTests.framework in Frameworks */ = {isa = PBXBuildFile; fileRef = FB843C306008A2DF35506E14 /* Pods_ToDoAppTests.framework */; };
		7D967A2B57A91842A9C0825A /* Pods_ToDoApp.framework in Frameworks */ = {isa = PBXBuildFile; fileRef = 2CAF904F587740F87E1F2FA4 /* Pods_ToDoApp.framework */; };
		B01C5AC62C404C9500D4A3A8 /* TodoItemTestsCsv.swift in Sources */ = {isa = PBXBuildFile; fileRef = B01C5AC52C404C9500D4A3A8 /* TodoItemTestsCsv.swift */; };
		B03365E92C42929C00E35D7A /* TodoItemsFileCache in Frameworks */ = {isa = PBXBuildFile; productRef = B03365E82C42929C00E35D7A /* TodoItemsFileCache */; };
		B0561A002C209DDB000F93B4 /* ToDoAppApp.swift in Sources */ = {isa = PBXBuildFile; fileRef = B05619FF2C209DDB000F93B4 /* ToDoAppApp.swift */; };
		B0561A022C209DDB000F93B4 /* ContentView.swift in Sources */ = {isa = PBXBuildFile; fileRef = B0561A012C209DDB000F93B4 /* ContentView.swift */; };
		B0561A042C209DDF000F93B4 /* Assets.xcassets in Resources */ = {isa = PBXBuildFile; fileRef = B0561A032C209DDF000F93B4 /* Assets.xcassets */; };
		B0561A072C209DDF000F93B4 /* Preview Assets.xcassets in Resources */ = {isa = PBXBuildFile; fileRef = B0561A062C209DDF000F93B4 /* Preview Assets.xcassets */; };
		B0561A132C209EA0000F93B4 /* TodoItem.swift in Sources */ = {isa = PBXBuildFile; fileRef = B0561A122C209EA0000F93B4 /* TodoItem.swift */; };
		B0561A1D2C22F36B000F93B4 /* TodoItemTestsJson.swift in Sources */ = {isa = PBXBuildFile; fileRef = B0561A1C2C22F36B000F93B4 /* TodoItemTestsJson.swift */; };
		B0561A242C2325B1000F93B4 /* TodoDateFormatter.swift in Sources */ = {isa = PBXBuildFile; fileRef = B0561A232C2325B1000F93B4 /* TodoDateFormatter.swift */; };
		B0561A262C238957000F93B4 /* FileCacheTests.swift in Sources */ = {isa = PBXBuildFile; fileRef = B0561A252C238957000F93B4 /* FileCacheTests.swift */; };
		B086E64D2C4206B800DAED86 /* ICancellable.swift in Sources */ = {isa = PBXBuildFile; fileRef = B086E64C2C4206B800DAED86 /* ICancellable.swift */; };
		B086E64F2C42089100DAED86 /* URLSessionTask+Extensions.swift in Sources */ = {isa = PBXBuildFile; fileRef = B086E64E2C42089100DAED86 /* URLSessionTask+Extensions.swift */; };
		B086E6512C42097D00DAED86 /* CancellableStorage.swift in Sources */ = {isa = PBXBuildFile; fileRef = B086E6502C42097D00DAED86 /* CancellableStorage.swift */; };
		B0873B2D2C3486D3001DD81E /* CalendarViewController.swift in Sources */ = {isa = PBXBuildFile; fileRef = B0873B2C2C3486D3001DD81E /* CalendarViewController.swift */; };
		B0873B2F2C3486FA001DD81E /* CalendarVCRepresentable.swift in Sources */ = {isa = PBXBuildFile; fileRef = B0873B2E2C3486FA001DD81E /* CalendarVCRepresentable.swift */; };
		B09A51F02C2DBF7C00384B3F /* TodoListView.swift in Sources */ = {isa = PBXBuildFile; fileRef = B09A51EF2C2DBF7C00384B3F /* TodoListView.swift */; };
		B09A51F22C2DF4DB00384B3F /* Date+Extensions.swift in Sources */ = {isa = PBXBuildFile; fileRef = B09A51F12C2DF4DB00384B3F /* Date+Extensions.swift */; };
		B09A51FC2C2E340A00384B3F /* TodoListViewModel.swift in Sources */ = {isa = PBXBuildFile; fileRef = B09A51FB2C2E340A00384B3F /* TodoListViewModel.swift */; };
		B09E4A3C2C38CE680041FCE8 /* TodoItemCategory.swift in Sources */ = {isa = PBXBuildFile; fileRef = B09E4A3B2C38CE680041FCE8 /* TodoItemCategory.swift */; };
		B09E4A3E2C38E1BB0041FCE8 /* UIColor+Extensions.swift in Sources */ = {isa = PBXBuildFile; fileRef = B09E4A3D2C38E1BB0041FCE8 /* UIColor+Extensions.swift */; };
		B09F73522C2F996D00BF5962 /* Color+Extensions.swift in Sources */ = {isa = PBXBuildFile; fileRef = B09F73512C2F996D00BF5962 /* Color+Extensions.swift */; };
		B0A0FD932C35B37300BF3338 /* CalendarCollectionViewCell.swift in Sources */ = {isa = PBXBuildFile; fileRef = B0A0FD922C35B37300BF3338 /* CalendarCollectionViewCell.swift */; };
		B0A0FD962C35B39F00BF3338 /* CalendarTableViewViewCell.swift in Sources */ = {isa = PBXBuildFile; fileRef = B0A0FD952C35B39F00BF3338 /* CalendarTableViewViewCell.swift */; };
		B0AD35822C4A506400FC9312 /* NetworkingItem.swift in Sources */ = {isa = PBXBuildFile; fileRef = B0AD35812C4A506400FC9312 /* NetworkingItem.swift */; };
		B0AD35842C4A56CC00FC9312 /* NetworkError.swift in Sources */ = {isa = PBXBuildFile; fileRef = B0AD35832C4A56CC00FC9312 /* NetworkError.swift */; };
		B0AD35892C4B093100FC9312 /* ListResponse.swift in Sources */ = {isa = PBXBuildFile; fileRef = B0AD35882C4B093100FC9312 /* ListResponse.swift */; };
		B0AD358B2C4B095200FC9312 /* ElementResponse.swift in Sources */ = {isa = PBXBuildFile; fileRef = B0AD358A2C4B095200FC9312 /* ElementResponse.swift */; };
		B0AEDBDC2C4166F700ED83FE /* CustomLogger.swift in Sources */ = {isa = PBXBuildFile; fileRef = B0AEDBDB2C4166F700ED83FE /* CustomLogger.swift */; };
		B0BD26E82C3C584300B3268B /* TableViewDelegate+DataSource.swift in Sources */ = {isa = PBXBuildFile; fileRef = B0BD26E72C3C584300B3268B /* TableViewDelegate+DataSource.swift */; };
		B0BD26EB2C3C58A400B3268B /* CollectionViewDelegate+DataSource.swift in Sources */ = {isa = PBXBuildFile; fileRef = B0BD26EA2C3C58A400B3268B /* CollectionViewDelegate+DataSource.swift */; };
		B0BD26EE2C3D3B0900B3268B /* CocoaLumberjack in Frameworks */ = {isa = PBXBuildFile; productRef = B0BD26ED2C3D3B0900B3268B /* CocoaLumberjack */; };
		B0BD26F02C3D3B0900B3268B /* CocoaLumberjackSwift in Frameworks */ = {isa = PBXBuildFile; productRef = B0BD26EF2C3D3B0900B3268B /* CocoaLumberjackSwift */; };
		B0BD26F22C3D3B0900B3268B /* CocoaLumberjackSwiftLogBackend in Frameworks */ = {isa = PBXBuildFile; productRef = B0BD26F12C3D3B0900B3268B /* CocoaLumberjackSwiftLogBackend */; };
		B0BD26F42C3EFC2600B3268B /* URLSession+Extensions.swift in Sources */ = {isa = PBXBuildFile; fileRef = B0BD26F32C3EFC2600B3268B /* URLSession+Extensions.swift */; };
		B0D27D692C46AE2100CFFE1D /* NetworkingServiceProtocol.swift in Sources */ = {isa = PBXBuildFile; fileRef = B0D27D682C46AE2100CFFE1D /* NetworkingServiceProtocol.swift */; };
		B0D27D6B2C46AE2E00CFFE1D /* DefaultNetworkingService.swift in Sources */ = {isa = PBXBuildFile; fileRef = B0D27D6A2C46AE2E00CFFE1D /* DefaultNetworkingService.swift */; };
		B0D27D6D2C47026D00CFFE1D /* NetworkingConstants.swift in Sources */ = {isa = PBXBuildFile; fileRef = B0D27D6C2C47026D00CFFE1D /* NetworkingConstants.swift */; };
		B0D789982C2626AC0039E846 /* TodoItem+Extensions.swift in Sources */ = {isa = PBXBuildFile; fileRef = B0D789972C2626AC0039E846 /* TodoItem+Extensions.swift */; };
		B0EBC17A2C2AB3D700767D6C /* TodoItemDetailsView.swift in Sources */ = {isa = PBXBuildFile; fileRef = B0EBC1792C2AB3D700767D6C /* TodoItemDetailsView.swift */; };
		B0EBC17D2C2AC00000767D6C /* TodoItemDetailsViewModel.swift in Sources */ = {isa = PBXBuildFile; fileRef = B0EBC17C2C2AC00000767D6C /* TodoItemDetailsViewModel.swift */; };
/* End PBXBuildFile section */

/* Begin PBXContainerItemProxy section */
		B0561A1E2C22F36B000F93B4 /* PBXContainerItemProxy */ = {
			isa = PBXContainerItemProxy;
			containerPortal = B05619F42C209DDB000F93B4 /* Project object */;
			proxyType = 1;
			remoteGlobalIDString = B05619FB2C209DDB000F93B4;
			remoteInfo = ToDoApp;
		};
/* End PBXContainerItemProxy section */

/* Begin PBXFileReference section */
		2CAF904F587740F87E1F2FA4 /* Pods_ToDoApp.framework */ = {isa = PBXFileReference; explicitFileType = wrapper.framework; includeInIndex = 0; path = Pods_ToDoApp.framework; sourceTree = BUILT_PRODUCTS_DIR; };
		8F66C3843D39435BA6008169 /* Pods-ToDoAppTests.debug.xcconfig */ = {isa = PBXFileReference; includeInIndex = 1; lastKnownFileType = text.xcconfig; name = "Pods-ToDoAppTests.debug.xcconfig"; path = "Target Support Files/Pods-ToDoAppTests/Pods-ToDoAppTests.debug.xcconfig"; sourceTree = "<group>"; };
		97DDB140CC010665F64E738C /* Pods-ToDoAppTests.release.xcconfig */ = {isa = PBXFileReference; includeInIndex = 1; lastKnownFileType = text.xcconfig; name = "Pods-ToDoAppTests.release.xcconfig"; path = "Target Support Files/Pods-ToDoAppTests/Pods-ToDoAppTests.release.xcconfig"; sourceTree = "<group>"; };
		B01C5AC52C404C9500D4A3A8 /* TodoItemTestsCsv.swift */ = {isa = PBXFileReference; lastKnownFileType = sourcecode.swift; path = TodoItemTestsCsv.swift; sourceTree = "<group>"; };
		B05619FC2C209DDB000F93B4 /* ToDoApp.app */ = {isa = PBXFileReference; explicitFileType = wrapper.application; includeInIndex = 0; path = ToDoApp.app; sourceTree = BUILT_PRODUCTS_DIR; };
		B05619FF2C209DDB000F93B4 /* ToDoAppApp.swift */ = {isa = PBXFileReference; lastKnownFileType = sourcecode.swift; path = ToDoAppApp.swift; sourceTree = "<group>"; };
		B0561A012C209DDB000F93B4 /* ContentView.swift */ = {isa = PBXFileReference; lastKnownFileType = sourcecode.swift; path = ContentView.swift; sourceTree = "<group>"; };
		B0561A032C209DDF000F93B4 /* Assets.xcassets */ = {isa = PBXFileReference; lastKnownFileType = folder.assetcatalog; path = Assets.xcassets; sourceTree = "<group>"; };
		B0561A062C209DDF000F93B4 /* Preview Assets.xcassets */ = {isa = PBXFileReference; lastKnownFileType = folder.assetcatalog; path = "Preview Assets.xcassets"; sourceTree = "<group>"; };
		B0561A122C209EA0000F93B4 /* TodoItem.swift */ = {isa = PBXFileReference; lastKnownFileType = sourcecode.swift; path = TodoItem.swift; sourceTree = "<group>"; };
		B0561A1A2C22F36B000F93B4 /* ToDoAppTests.xctest */ = {isa = PBXFileReference; explicitFileType = wrapper.cfbundle; includeInIndex = 0; path = ToDoAppTests.xctest; sourceTree = BUILT_PRODUCTS_DIR; };
		B0561A1C2C22F36B000F93B4 /* TodoItemTestsJson.swift */ = {isa = PBXFileReference; lastKnownFileType = sourcecode.swift; path = TodoItemTestsJson.swift; sourceTree = "<group>"; };
		B0561A232C2325B1000F93B4 /* TodoDateFormatter.swift */ = {isa = PBXFileReference; lastKnownFileType = sourcecode.swift; path = TodoDateFormatter.swift; sourceTree = "<group>"; };
		B0561A252C238957000F93B4 /* FileCacheTests.swift */ = {isa = PBXFileReference; lastKnownFileType = sourcecode.swift; path = FileCacheTests.swift; sourceTree = "<group>"; };
		B086E64C2C4206B800DAED86 /* ICancellable.swift */ = {isa = PBXFileReference; lastKnownFileType = sourcecode.swift; path = ICancellable.swift; sourceTree = "<group>"; };
		B086E64E2C42089100DAED86 /* URLSessionTask+Extensions.swift */ = {isa = PBXFileReference; lastKnownFileType = sourcecode.swift; path = "URLSessionTask+Extensions.swift"; sourceTree = "<group>"; };
		B086E6502C42097D00DAED86 /* CancellableStorage.swift */ = {isa = PBXFileReference; lastKnownFileType = sourcecode.swift; path = CancellableStorage.swift; sourceTree = "<group>"; };
		B0873B2C2C3486D3001DD81E /* CalendarViewController.swift */ = {isa = PBXFileReference; lastKnownFileType = sourcecode.swift; path = CalendarViewController.swift; sourceTree = "<group>"; };
		B0873B2E2C3486FA001DD81E /* CalendarVCRepresentable.swift */ = {isa = PBXFileReference; lastKnownFileType = sourcecode.swift; path = CalendarVCRepresentable.swift; sourceTree = "<group>"; };
		B09A51EF2C2DBF7C00384B3F /* TodoListView.swift */ = {isa = PBXFileReference; lastKnownFileType = sourcecode.swift; path = TodoListView.swift; sourceTree = "<group>"; };
		B09A51F12C2DF4DB00384B3F /* Date+Extensions.swift */ = {isa = PBXFileReference; lastKnownFileType = sourcecode.swift; path = "Date+Extensions.swift"; sourceTree = "<group>"; };
		B09A51FA2C2E21CE00384B3F /* Info.plist */ = {isa = PBXFileReference; lastKnownFileType = text.plist.xml; path = Info.plist; sourceTree = "<group>"; };
		B09A51FB2C2E340A00384B3F /* TodoListViewModel.swift */ = {isa = PBXFileReference; lastKnownFileType = sourcecode.swift; path = TodoListViewModel.swift; sourceTree = "<group>"; };
		B09E4A3B2C38CE680041FCE8 /* TodoItemCategory.swift */ = {isa = PBXFileReference; lastKnownFileType = sourcecode.swift; path = TodoItemCategory.swift; sourceTree = "<group>"; };
		B09E4A3D2C38E1BB0041FCE8 /* UIColor+Extensions.swift */ = {isa = PBXFileReference; lastKnownFileType = sourcecode.swift; path = "UIColor+Extensions.swift"; sourceTree = "<group>"; };
		B09F73512C2F996D00BF5962 /* Color+Extensions.swift */ = {isa = PBXFileReference; lastKnownFileType = sourcecode.swift; path = "Color+Extensions.swift"; sourceTree = "<group>"; };
		B0A0FD922C35B37300BF3338 /* CalendarCollectionViewCell.swift */ = {isa = PBXFileReference; lastKnownFileType = sourcecode.swift; path = CalendarCollectionViewCell.swift; sourceTree = "<group>"; };
		B0A0FD952C35B39F00BF3338 /* CalendarTableViewViewCell.swift */ = {isa = PBXFileReference; lastKnownFileType = sourcecode.swift; path = CalendarTableViewViewCell.swift; sourceTree = "<group>"; };
		B0AD35812C4A506400FC9312 /* NetworkingItem.swift */ = {isa = PBXFileReference; lastKnownFileType = sourcecode.swift; path = NetworkingItem.swift; sourceTree = "<group>"; };
		B0AD35832C4A56CC00FC9312 /* NetworkError.swift */ = {isa = PBXFileReference; lastKnownFileType = sourcecode.swift; path = NetworkError.swift; sourceTree = "<group>"; };
		B0AD35882C4B093100FC9312 /* ListResponse.swift */ = {isa = PBXFileReference; lastKnownFileType = sourcecode.swift; path = ListResponse.swift; sourceTree = "<group>"; };
		B0AD358A2C4B095200FC9312 /* ElementResponse.swift */ = {isa = PBXFileReference; lastKnownFileType = sourcecode.swift; path = ElementResponse.swift; sourceTree = "<group>"; };
		B0AEDBDB2C4166F700ED83FE /* CustomLogger.swift */ = {isa = PBXFileReference; lastKnownFileType = sourcecode.swift; path = CustomLogger.swift; sourceTree = "<group>"; };
		B0BD26E72C3C584300B3268B /* TableViewDelegate+DataSource.swift */ = {isa = PBXFileReference; lastKnownFileType = sourcecode.swift; path = "TableViewDelegate+DataSource.swift"; sourceTree = "<group>"; };
		B0BD26EA2C3C58A400B3268B /* CollectionViewDelegate+DataSource.swift */ = {isa = PBXFileReference; lastKnownFileType = sourcecode.swift; path = "CollectionViewDelegate+DataSource.swift"; sourceTree = "<group>"; };
		B0BD26F32C3EFC2600B3268B /* URLSession+Extensions.swift */ = {isa = PBXFileReference; lastKnownFileType = sourcecode.swift; path = "URLSession+Extensions.swift"; sourceTree = "<group>"; };
		B0D27D682C46AE2100CFFE1D /* NetworkingServiceProtocol.swift */ = {isa = PBXFileReference; lastKnownFileType = sourcecode.swift; path = NetworkingServiceProtocol.swift; sourceTree = "<group>"; };
		B0D27D6A2C46AE2E00CFFE1D /* DefaultNetworkingService.swift */ = {isa = PBXFileReference; lastKnownFileType = sourcecode.swift; path = DefaultNetworkingService.swift; sourceTree = "<group>"; };
		B0D27D6C2C47026D00CFFE1D /* NetworkingConstants.swift */ = {isa = PBXFileReference; lastKnownFileType = sourcecode.swift; path = NetworkingConstants.swift; sourceTree = "<group>"; };
		B0D789972C2626AC0039E846 /* TodoItem+Extensions.swift */ = {isa = PBXFileReference; lastKnownFileType = sourcecode.swift; path = "TodoItem+Extensions.swift"; sourceTree = "<group>"; };
		B0EBC1792C2AB3D700767D6C /* TodoItemDetailsView.swift */ = {isa = PBXFileReference; lastKnownFileType = sourcecode.swift; path = TodoItemDetailsView.swift; sourceTree = "<group>"; };
		B0EBC17C2C2AC00000767D6C /* TodoItemDetailsViewModel.swift */ = {isa = PBXFileReference; lastKnownFileType = sourcecode.swift; path = TodoItemDetailsViewModel.swift; sourceTree = "<group>"; };
		F9346855BAC3F9EC21FBDB89 /* Pods-ToDoApp.debug.xcconfig */ = {isa = PBXFileReference; includeInIndex = 1; lastKnownFileType = text.xcconfig; name = "Pods-ToDoApp.debug.xcconfig"; path = "Target Support Files/Pods-ToDoApp/Pods-ToDoApp.debug.xcconfig"; sourceTree = "<group>"; };
		F980E5C17A12BA72F6177288 /* Pods-ToDoApp.release.xcconfig */ = {isa = PBXFileReference; includeInIndex = 1; lastKnownFileType = text.xcconfig; name = "Pods-ToDoApp.release.xcconfig"; path = "Target Support Files/Pods-ToDoApp/Pods-ToDoApp.release.xcconfig"; sourceTree = "<group>"; };
		FB843C306008A2DF35506E14 /* Pods_ToDoAppTests.framework */ = {isa = PBXFileReference; explicitFileType = wrapper.framework; includeInIndex = 0; path = Pods_ToDoAppTests.framework; sourceTree = BUILT_PRODUCTS_DIR; };
/* End PBXFileReference section */

/* Begin PBXFrameworksBuildPhase section */
		B05619F92C209DDB000F93B4 /* Frameworks */ = {
			isa = PBXFrameworksBuildPhase;
			buildActionMask = 2147483647;
			files = (
				B03365E92C42929C00E35D7A /* TodoItemsFileCache in Frameworks */,
				B0BD26F02C3D3B0900B3268B /* CocoaLumberjackSwift in Frameworks */,
				B0BD26F22C3D3B0900B3268B /* CocoaLumberjackSwiftLogBackend in Frameworks */,
				B0BD26EE2C3D3B0900B3268B /* CocoaLumberjack in Frameworks */,
				7D967A2B57A91842A9C0825A /* Pods_ToDoApp.framework in Frameworks */,
			);
			runOnlyForDeploymentPostprocessing = 0;
		};
		B0561A172C22F36B000F93B4 /* Frameworks */ = {
			isa = PBXFrameworksBuildPhase;
			buildActionMask = 2147483647;
			files = (
				3BDCE84C342C14A5955A01A8 /* Pods_ToDoAppTests.framework in Frameworks */,
			);
			runOnlyForDeploymentPostprocessing = 0;
		};
/* End PBXFrameworksBuildPhase section */

/* Begin PBXGroup section */
		43ECFBCD90084C8812CAC7BF /* Pods */ = {
			isa = PBXGroup;
			children = (
				F9346855BAC3F9EC21FBDB89 /* Pods-ToDoApp.debug.xcconfig */,
				F980E5C17A12BA72F6177288 /* Pods-ToDoApp.release.xcconfig */,
				8F66C3843D39435BA6008169 /* Pods-ToDoAppTests.debug.xcconfig */,
				97DDB140CC010665F64E738C /* Pods-ToDoAppTests.release.xcconfig */,
			);
			path = Pods;
			sourceTree = "<group>";
		};
		97B6EE09742A778E2300590A /* Frameworks */ = {
			isa = PBXGroup;
			children = (
				2CAF904F587740F87E1F2FA4 /* Pods_ToDoApp.framework */,
				FB843C306008A2DF35506E14 /* Pods_ToDoAppTests.framework */,
			);
			name = Frameworks;
			sourceTree = "<group>";
		};
		B05619F32C209DDB000F93B4 = {
			isa = PBXGroup;
			children = (
				B05619FE2C209DDB000F93B4 /* ToDoApp */,
				B0561A1B2C22F36B000F93B4 /* ToDoAppTests */,
				B05619FD2C209DDB000F93B4 /* Products */,
				43ECFBCD90084C8812CAC7BF /* Pods */,
				97B6EE09742A778E2300590A /* Frameworks */,
			);
			sourceTree = "<group>";
		};
		B05619FD2C209DDB000F93B4 /* Products */ = {
			isa = PBXGroup;
			children = (
				B05619FC2C209DDB000F93B4 /* ToDoApp.app */,
				B0561A1A2C22F36B000F93B4 /* ToDoAppTests.xctest */,
			);
			name = Products;
			sourceTree = "<group>";
		};
		B05619FE2C209DDB000F93B4 /* ToDoApp */ = {
			isa = PBXGroup;
			children = (
				B0D789962C2626890039E846 /* Extensions */,
				B0EBC1782C2AB39800767D6C /* Core */,
				B0561A0E2C209E4D000F93B4 /* Services */,
				B09A51F72C2E14EC00384B3F /* Root */,
				B0561A0F2C209E57000F93B4 /* Models */,
				B0561A0D2C209E28000F93B4 /* Support */,
			);
			path = ToDoApp;
			sourceTree = "<group>";
		};
		B0561A052C209DDF000F93B4 /* Preview Content */ = {
			isa = PBXGroup;
			children = (
				B0561A062C209DDF000F93B4 /* Preview Assets.xcassets */,
			);
			path = "Preview Content";
			sourceTree = "<group>";
		};
		B0561A0D2C209E28000F93B4 /* Support */ = {
			isa = PBXGroup;
			children = (
				B09A51FA2C2E21CE00384B3F /* Info.plist */,
				B0561A032C209DDF000F93B4 /* Assets.xcassets */,
				B0561A052C209DDF000F93B4 /* Preview Content */,
			);
			path = Support;
			sourceTree = "<group>";
		};
		B0561A0E2C209E4D000F93B4 /* Services */ = {
			isa = PBXGroup;
			children = (
				B0D27D672C46AE1300CFFE1D /* NetworkingService */,
				B086E64B2C42069500DAED86 /* Concurrency */,
				B0561A232C2325B1000F93B4 /* TodoDateFormatter.swift */,
				B09E4A3B2C38CE680041FCE8 /* TodoItemCategory.swift */,
				B0AEDBDB2C4166F700ED83FE /* CustomLogger.swift */,
			);
			path = Services;
			sourceTree = "<group>";
		};
		B0561A0F2C209E57000F93B4 /* Models */ = {
			isa = PBXGroup;
			children = (
				B0561A122C209EA0000F93B4 /* TodoItem.swift */,
			);
			path = Models;
			sourceTree = "<group>";
		};
		B0561A1B2C22F36B000F93B4 /* ToDoAppTests */ = {
			isa = PBXGroup;
			children = (
				B0561A1C2C22F36B000F93B4 /* TodoItemTestsJson.swift */,
				B01C5AC52C404C9500D4A3A8 /* TodoItemTestsCsv.swift */,
				B0561A252C238957000F93B4 /* FileCacheTests.swift */,
			);
			path = ToDoAppTests;
			sourceTree = "<group>";
		};
		B086E64B2C42069500DAED86 /* Concurrency */ = {
			isa = PBXGroup;
			children = (
				B086E64C2C4206B800DAED86 /* ICancellable.swift */,
				B086E6502C42097D00DAED86 /* CancellableStorage.swift */,
			);
			path = Concurrency;
			sourceTree = "<group>";
		};
		B0873B2B2C348690001DD81E /* CalendarViewController */ = {
			isa = PBXGroup;
			children = (
				B0873B2C2C3486D3001DD81E /* CalendarViewController.swift */,
				B0873B2E2C3486FA001DD81E /* CalendarVCRepresentable.swift */,
				B0A0FD942C35B37B00BF3338 /* Cells */,
				B0BD26E92C3C585300B3268B /* Delegate+DataSource */,
			);
			path = CalendarViewController;
			sourceTree = "<group>";
		};
		B09A51F72C2E14EC00384B3F /* Root */ = {
			isa = PBXGroup;
			children = (
				B05619FF2C209DDB000F93B4 /* ToDoAppApp.swift */,
				B0561A012C209DDB000F93B4 /* ContentView.swift */,
			);
			path = Root;
			sourceTree = "<group>";
		};
		B09A51F82C2E158400384B3F /* Views */ = {
			isa = PBXGroup;
			children = (
				B09A51EF2C2DBF7C00384B3F /* TodoListView.swift */,
				B0EBC1792C2AB3D700767D6C /* TodoItemDetailsView.swift */,
				B0873B2B2C348690001DD81E /* CalendarViewController */,
			);
			path = Views;
			sourceTree = "<group>";
		};
		B0A0FD942C35B37B00BF3338 /* Cells */ = {
			isa = PBXGroup;
			children = (
				B0A0FD922C35B37300BF3338 /* CalendarCollectionViewCell.swift */,
				B0A0FD952C35B39F00BF3338 /* CalendarTableViewViewCell.swift */,
			);
			path = Cells;
			sourceTree = "<group>";
		};
		B0AD35872C4B092000FC9312 /* Responses */ = {
			isa = PBXGroup;
			children = (
				B0AD35882C4B093100FC9312 /* ListResponse.swift */,
				B0AD358A2C4B095200FC9312 /* ElementResponse.swift */,
			);
			path = Responses;
			sourceTree = "<group>";
		};
		B0AD358C2C4B098000FC9312 /* Protocools */ = {
			isa = PBXGroup;
			children = (
				B0D27D682C46AE2100CFFE1D /* NetworkingServiceProtocol.swift */,
			);
			path = Protocools;
			sourceTree = "<group>";
		};
		B0BD26E92C3C585300B3268B /* Delegate+DataSource */ = {
			isa = PBXGroup;
			children = (
				B0BD26E72C3C584300B3268B /* TableViewDelegate+DataSource.swift */,
				B0BD26EA2C3C58A400B3268B /* CollectionViewDelegate+DataSource.swift */,
			);
			path = "Delegate+DataSource";
			sourceTree = "<group>";
		};
		B0D27D672C46AE1300CFFE1D /* NetworkingService */ = {
			isa = PBXGroup;
			children = (
				B0AD358C2C4B098000FC9312 /* Protocools */,
				B0AD35872C4B092000FC9312 /* Responses */,
				B0D27D6A2C46AE2E00CFFE1D /* DefaultNetworkingService.swift */,
				B0D27D6C2C47026D00CFFE1D /* NetworkingConstants.swift */,
				B0AD35812C4A506400FC9312 /* NetworkingItem.swift */,
				B0AD35832C4A56CC00FC9312 /* NetworkError.swift */,
			);
			path = NetworkingService;
			sourceTree = "<group>";
		};
		B0D789962C2626890039E846 /* Extensions */ = {
			isa = PBXGroup;
			children = (
				B0D789972C2626AC0039E846 /* TodoItem+Extensions.swift */,
				B09A51F12C2DF4DB00384B3F /* Date+Extensions.swift */,
				B09F73512C2F996D00BF5962 /* Color+Extensions.swift */,
				B09E4A3D2C38E1BB0041FCE8 /* UIColor+Extensions.swift */,
				B0BD26F32C3EFC2600B3268B /* URLSession+Extensions.swift */,
				B086E64E2C42089100DAED86 /* URLSessionTask+Extensions.swift */,
			);
			path = Extensions;
			sourceTree = "<group>";
		};
		B0EBC1782C2AB39800767D6C /* Core */ = {
			isa = PBXGroup;
			children = (
				B09A51F82C2E158400384B3F /* Views */,
				B0EBC17B2C2ABFE100767D6C /* ViewModels */,
			);
			path = Core;
			sourceTree = "<group>";
		};
		B0EBC17B2C2ABFE100767D6C /* ViewModels */ = {
			isa = PBXGroup;
			children = (
				B09A51FB2C2E340A00384B3F /* TodoListViewModel.swift */,
				B0EBC17C2C2AC00000767D6C /* TodoItemDetailsViewModel.swift */,
			);
			path = ViewModels;
			sourceTree = "<group>";
		};
/* End PBXGroup section */

/* Begin PBXNativeTarget section */
		B05619FB2C209DDB000F93B4 /* ToDoApp */ = {
			isa = PBXNativeTarget;
			buildConfigurationList = B0561A0A2C209DDF000F93B4 /* Build configuration list for PBXNativeTarget "ToDoApp" */;
			buildPhases = (
				2E8C9315EE799045CF207401 /* [CP] Check Pods Manifest.lock */,
				B01C5AC42C4045A800D4A3A8 /* Run SwiftLint */,
				B05619F82C209DDB000F93B4 /* Sources */,
				B05619F92C209DDB000F93B4 /* Frameworks */,
				B05619FA2C209DDB000F93B4 /* Resources */,
			);
			buildRules = (
			);
			dependencies = (
			);
			name = ToDoApp;
			packageProductDependencies = (
				B0BD26ED2C3D3B0900B3268B /* CocoaLumberjack */,
				B0BD26EF2C3D3B0900B3268B /* CocoaLumberjackSwift */,
				B0BD26F12C3D3B0900B3268B /* CocoaLumberjackSwiftLogBackend */,
				B03365E82C42929C00E35D7A /* TodoItemsFileCache */,
			);
			productName = ToDoApp;
			productReference = B05619FC2C209DDB000F93B4 /* ToDoApp.app */;
			productType = "com.apple.product-type.application";
		};
		B0561A192C22F36B000F93B4 /* ToDoAppTests */ = {
			isa = PBXNativeTarget;
			buildConfigurationList = B0561A202C22F36B000F93B4 /* Build configuration list for PBXNativeTarget "ToDoAppTests" */;
			buildPhases = (
				0FBDB73765135D2312057E29 /* [CP] Check Pods Manifest.lock */,
				B0561A162C22F36B000F93B4 /* Sources */,
				B0561A172C22F36B000F93B4 /* Frameworks */,
				B0561A182C22F36B000F93B4 /* Resources */,
			);
			buildRules = (
			);
			dependencies = (
				B0561A1F2C22F36B000F93B4 /* PBXTargetDependency */,
			);
			name = ToDoAppTests;
			productName = ToDoAppTests;
			productReference = B0561A1A2C22F36B000F93B4 /* ToDoAppTests.xctest */;
			productType = "com.apple.product-type.bundle.unit-test";
		};
/* End PBXNativeTarget section */

/* Begin PBXProject section */
		B05619F42C209DDB000F93B4 /* Project object */ = {
			isa = PBXProject;
			attributes = {
				BuildIndependentTargetsInParallel = 1;
				LastSwiftUpdateCheck = 1510;
				LastUpgradeCheck = 1510;
				TargetAttributes = {
					B05619FB2C209DDB000F93B4 = {
						CreatedOnToolsVersion = 15.1;
					};
					B0561A192C22F36B000F93B4 = {
						CreatedOnToolsVersion = 15.1;
						TestTargetID = B05619FB2C209DDB000F93B4;
					};
				};
			};
			buildConfigurationList = B05619F72C209DDB000F93B4 /* Build configuration list for PBXProject "ToDoApp" */;
			compatibilityVersion = "Xcode 14.0";
			developmentRegion = en;
			hasScannedForEncodings = 0;
			knownRegions = (
				en,
				Base,
			);
			mainGroup = B05619F32C209DDB000F93B4;
			packageReferences = (
				B0BD26EC2C3D3B0900B3268B /* XCRemoteSwiftPackageReference "CocoaLumberjack" */,
				B086E6432C41FBFF00DAED86 /* XCRemoteSwiftPackageReference "TodoItemsFileCache" */,
			);
			productRefGroup = B05619FD2C209DDB000F93B4 /* Products */;
			projectDirPath = "";
			projectRoot = "";
			targets = (
				B05619FB2C209DDB000F93B4 /* ToDoApp */,
				B0561A192C22F36B000F93B4 /* ToDoAppTests */,
			);
		};
/* End PBXProject section */

/* Begin PBXResourcesBuildPhase section */
		B05619FA2C209DDB000F93B4 /* Resources */ = {
			isa = PBXResourcesBuildPhase;
			buildActionMask = 2147483647;
			files = (
				B0561A072C209DDF000F93B4 /* Preview Assets.xcassets in Resources */,
				B0561A042C209DDF000F93B4 /* Assets.xcassets in Resources */,
			);
			runOnlyForDeploymentPostprocessing = 0;
		};
		B0561A182C22F36B000F93B4 /* Resources */ = {
			isa = PBXResourcesBuildPhase;
			buildActionMask = 2147483647;
			files = (
			);
			runOnlyForDeploymentPostprocessing = 0;
		};
/* End PBXResourcesBuildPhase section */

/* Begin PBXShellScriptBuildPhase section */
		0FBDB73765135D2312057E29 /* [CP] Check Pods Manifest.lock */ = {
			isa = PBXShellScriptBuildPhase;
			buildActionMask = 2147483647;
			files = (
			);
			inputFileListPaths = (
			);
			inputPaths = (
				"${PODS_PODFILE_DIR_PATH}/Podfile.lock",
				"${PODS_ROOT}/Manifest.lock",
			);
			name = "[CP] Check Pods Manifest.lock";
			outputFileListPaths = (
			);
			outputPaths = (
				"$(DERIVED_FILE_DIR)/Pods-ToDoAppTests-checkManifestLockResult.txt",
			);
			runOnlyForDeploymentPostprocessing = 0;
			shellPath = /bin/sh;
			shellScript = "diff \"${PODS_PODFILE_DIR_PATH}/Podfile.lock\" \"${PODS_ROOT}/Manifest.lock\" > /dev/null\nif [ $? != 0 ] ; then\n    # print error to STDERR\n    echo \"error: The sandbox is not in sync with the Podfile.lock. Run 'pod install' or update your CocoaPods installation.\" >&2\n    exit 1\nfi\n# This output is used by Xcode 'outputs' to avoid re-running this script phase.\necho \"SUCCESS\" > \"${SCRIPT_OUTPUT_FILE_0}\"\n";
			showEnvVarsInLog = 0;
		};
		2E8C9315EE799045CF207401 /* [CP] Check Pods Manifest.lock */ = {
			isa = PBXShellScriptBuildPhase;
			buildActionMask = 2147483647;
			files = (
			);
			inputFileListPaths = (
			);
			inputPaths = (
				"${PODS_PODFILE_DIR_PATH}/Podfile.lock",
				"${PODS_ROOT}/Manifest.lock",
			);
			name = "[CP] Check Pods Manifest.lock";
			outputFileListPaths = (
			);
			outputPaths = (
				"$(DERIVED_FILE_DIR)/Pods-ToDoApp-checkManifestLockResult.txt",
			);
			runOnlyForDeploymentPostprocessing = 0;
			shellPath = /bin/sh;
			shellScript = "diff \"${PODS_PODFILE_DIR_PATH}/Podfile.lock\" \"${PODS_ROOT}/Manifest.lock\" > /dev/null\nif [ $? != 0 ] ; then\n    # print error to STDERR\n    echo \"error: The sandbox is not in sync with the Podfile.lock. Run 'pod install' or update your CocoaPods installation.\" >&2\n    exit 1\nfi\n# This output is used by Xcode 'outputs' to avoid re-running this script phase.\necho \"SUCCESS\" > \"${SCRIPT_OUTPUT_FILE_0}\"\n";
			showEnvVarsInLog = 0;
		};
		B01C5AC42C4045A800D4A3A8 /* Run SwiftLint */ = {
			isa = PBXShellScriptBuildPhase;
			alwaysOutOfDate = 1;
			buildActionMask = 2147483647;
			files = (
			);
			inputFileListPaths = (
			);
			inputPaths = (
			);
			name = "Run SwiftLint";
			outputFileListPaths = (
			);
			outputPaths = (
			);
			runOnlyForDeploymentPostprocessing = 0;
			shellPath = /bin/sh;
			shellScript = "${PODS_ROOT}/SwiftLint/swiftlint\n";
		};
/* End PBXShellScriptBuildPhase section */

/* Begin PBXSourcesBuildPhase section */
		B05619F82C209DDB000F93B4 /* Sources */ = {
			isa = PBXSourcesBuildPhase;
			buildActionMask = 2147483647;
			files = (
				B09A51FC2C2E340A00384B3F /* TodoListViewModel.swift in Sources */,
				B0D789982C2626AC0039E846 /* TodoItem+Extensions.swift in Sources */,
				B0A0FD962C35B39F00BF3338 /* CalendarTableViewViewCell.swift in Sources */,
				B086E64F2C42089100DAED86 /* URLSessionTask+Extensions.swift in Sources */,
				B0561A022C209DDB000F93B4 /* ContentView.swift in Sources */,
				B0BD26F42C3EFC2600B3268B /* URLSession+Extensions.swift in Sources */,
				B0D27D692C46AE2100CFFE1D /* NetworkingServiceProtocol.swift in Sources */,
				B0AD35892C4B093100FC9312 /* ListResponse.swift in Sources */,
				B0AD358B2C4B095200FC9312 /* ElementResponse.swift in Sources */,
				B086E6512C42097D00DAED86 /* CancellableStorage.swift in Sources */,
				B0AD35842C4A56CC00FC9312 /* NetworkError.swift in Sources */,
				B09E4A3E2C38E1BB0041FCE8 /* UIColor+Extensions.swift in Sources */,
				B0A0FD932C35B37300BF3338 /* CalendarCollectionViewCell.swift in Sources */,
				B0AEDBDC2C4166F700ED83FE /* CustomLogger.swift in Sources */,
				B09A51F22C2DF4DB00384B3F /* Date+Extensions.swift in Sources */,
				B0873B2F2C3486FA001DD81E /* CalendarVCRepresentable.swift in Sources */,
				B0D27D6B2C46AE2E00CFFE1D /* DefaultNetworkingService.swift in Sources */,
				B0BD26E82C3C584300B3268B /* TableViewDelegate+DataSource.swift in Sources */,
				B0EBC17D2C2AC00000767D6C /* TodoItemDetailsViewModel.swift in Sources */,
				B0D27D6D2C47026D00CFFE1D /* NetworkingConstants.swift in Sources */,
				B09F73522C2F996D00BF5962 /* Color+Extensions.swift in Sources */,
				B0561A132C209EA0000F93B4 /* TodoItem.swift in Sources */,
				B086E64D2C4206B800DAED86 /* ICancellable.swift in Sources */,
				B0BD26EB2C3C58A400B3268B /* CollectionViewDelegate+DataSource.swift in Sources */,
				B0873B2D2C3486D3001DD81E /* CalendarViewController.swift in Sources */,
				B0EBC17A2C2AB3D700767D6C /* TodoItemDetailsView.swift in Sources */,
				B09A51F02C2DBF7C00384B3F /* TodoListView.swift in Sources */,
				B0AD35822C4A506400FC9312 /* NetworkingItem.swift in Sources */,
				B0561A002C209DDB000F93B4 /* ToDoAppApp.swift in Sources */,
				B09E4A3C2C38CE680041FCE8 /* TodoItemCategory.swift in Sources */,
				B0561A242C2325B1000F93B4 /* TodoDateFormatter.swift in Sources */,
			);
			runOnlyForDeploymentPostprocessing = 0;
		};
		B0561A162C22F36B000F93B4 /* Sources */ = {
			isa = PBXSourcesBuildPhase;
			buildActionMask = 2147483647;
			files = (
				B01C5AC62C404C9500D4A3A8 /* TodoItemTestsCsv.swift in Sources */,
				B0561A262C238957000F93B4 /* FileCacheTests.swift in Sources */,
				B0561A1D2C22F36B000F93B4 /* TodoItemTestsJson.swift in Sources */,
			);
			runOnlyForDeploymentPostprocessing = 0;
		};
/* End PBXSourcesBuildPhase section */

/* Begin PBXTargetDependency section */
		B0561A1F2C22F36B000F93B4 /* PBXTargetDependency */ = {
			isa = PBXTargetDependency;
			target = B05619FB2C209DDB000F93B4 /* ToDoApp */;
			targetProxy = B0561A1E2C22F36B000F93B4 /* PBXContainerItemProxy */;
		};
/* End PBXTargetDependency section */

/* Begin XCBuildConfiguration section */
		B0561A082C209DDF000F93B4 /* Debug */ = {
			isa = XCBuildConfiguration;
			buildSettings = {
				ALWAYS_SEARCH_USER_PATHS = NO;
				ASSETCATALOG_COMPILER_GENERATE_SWIFT_ASSET_SYMBOL_EXTENSIONS = YES;
				CLANG_ANALYZER_NONNULL = YES;
				CLANG_ANALYZER_NUMBER_OBJECT_CONVERSION = YES_AGGRESSIVE;
				CLANG_CXX_LANGUAGE_STANDARD = "gnu++20";
				CLANG_ENABLE_MODULES = YES;
				CLANG_ENABLE_OBJC_ARC = YES;
				CLANG_ENABLE_OBJC_WEAK = YES;
				CLANG_WARN_BLOCK_CAPTURE_AUTORELEASING = YES;
				CLANG_WARN_BOOL_CONVERSION = YES;
				CLANG_WARN_COMMA = YES;
				CLANG_WARN_CONSTANT_CONVERSION = YES;
				CLANG_WARN_DEPRECATED_OBJC_IMPLEMENTATIONS = YES;
				CLANG_WARN_DIRECT_OBJC_ISA_USAGE = YES_ERROR;
				CLANG_WARN_DOCUMENTATION_COMMENTS = YES;
				CLANG_WARN_EMPTY_BODY = YES;
				CLANG_WARN_ENUM_CONVERSION = YES;
				CLANG_WARN_INFINITE_RECURSION = YES;
				CLANG_WARN_INT_CONVERSION = YES;
				CLANG_WARN_NON_LITERAL_NULL_CONVERSION = YES;
				CLANG_WARN_OBJC_IMPLICIT_RETAIN_SELF = YES;
				CLANG_WARN_OBJC_LITERAL_CONVERSION = YES;
				CLANG_WARN_OBJC_ROOT_CLASS = YES_ERROR;
				CLANG_WARN_QUOTED_INCLUDE_IN_FRAMEWORK_HEADER = YES;
				CLANG_WARN_RANGE_LOOP_ANALYSIS = YES;
				CLANG_WARN_STRICT_PROTOTYPES = YES;
				CLANG_WARN_SUSPICIOUS_MOVE = YES;
				CLANG_WARN_UNGUARDED_AVAILABILITY = YES_AGGRESSIVE;
				CLANG_WARN_UNREACHABLE_CODE = YES;
				CLANG_WARN__DUPLICATE_METHOD_MATCH = YES;
				COPY_PHASE_STRIP = NO;
				DEBUG_INFORMATION_FORMAT = dwarf;
				ENABLE_STRICT_OBJC_MSGSEND = YES;
				ENABLE_TESTABILITY = YES;
				ENABLE_USER_SCRIPT_SANDBOXING = YES;
				GCC_C_LANGUAGE_STANDARD = gnu17;
				GCC_DYNAMIC_NO_PIC = NO;
				GCC_NO_COMMON_BLOCKS = YES;
				GCC_OPTIMIZATION_LEVEL = 0;
				GCC_PREPROCESSOR_DEFINITIONS = (
					"DEBUG=1",
					"$(inherited)",
				);
				GCC_WARN_64_TO_32_BIT_CONVERSION = YES;
				GCC_WARN_ABOUT_RETURN_TYPE = YES_ERROR;
				GCC_WARN_UNDECLARED_SELECTOR = YES;
				GCC_WARN_UNINITIALIZED_AUTOS = YES_AGGRESSIVE;
				GCC_WARN_UNUSED_FUNCTION = YES;
				GCC_WARN_UNUSED_VARIABLE = YES;
				IPHONEOS_DEPLOYMENT_TARGET = 17.2;
				LOCALIZATION_PREFERS_STRING_CATALOGS = YES;
				MTL_ENABLE_DEBUG_INFO = INCLUDE_SOURCE;
				MTL_FAST_MATH = YES;
				ONLY_ACTIVE_ARCH = YES;
				SDKROOT = iphoneos;
				SWIFT_ACTIVE_COMPILATION_CONDITIONS = "DEBUG $(inherited)";
				SWIFT_OPTIMIZATION_LEVEL = "-Onone";
			};
			name = Debug;
		};
		B0561A092C209DDF000F93B4 /* Release */ = {
			isa = XCBuildConfiguration;
			buildSettings = {
				ALWAYS_SEARCH_USER_PATHS = NO;
				ASSETCATALOG_COMPILER_GENERATE_SWIFT_ASSET_SYMBOL_EXTENSIONS = YES;
				CLANG_ANALYZER_NONNULL = YES;
				CLANG_ANALYZER_NUMBER_OBJECT_CONVERSION = YES_AGGRESSIVE;
				CLANG_CXX_LANGUAGE_STANDARD = "gnu++20";
				CLANG_ENABLE_MODULES = YES;
				CLANG_ENABLE_OBJC_ARC = YES;
				CLANG_ENABLE_OBJC_WEAK = YES;
				CLANG_WARN_BLOCK_CAPTURE_AUTORELEASING = YES;
				CLANG_WARN_BOOL_CONVERSION = YES;
				CLANG_WARN_COMMA = YES;
				CLANG_WARN_CONSTANT_CONVERSION = YES;
				CLANG_WARN_DEPRECATED_OBJC_IMPLEMENTATIONS = YES;
				CLANG_WARN_DIRECT_OBJC_ISA_USAGE = YES_ERROR;
				CLANG_WARN_DOCUMENTATION_COMMENTS = YES;
				CLANG_WARN_EMPTY_BODY = YES;
				CLANG_WARN_ENUM_CONVERSION = YES;
				CLANG_WARN_INFINITE_RECURSION = YES;
				CLANG_WARN_INT_CONVERSION = YES;
				CLANG_WARN_NON_LITERAL_NULL_CONVERSION = YES;
				CLANG_WARN_OBJC_IMPLICIT_RETAIN_SELF = YES;
				CLANG_WARN_OBJC_LITERAL_CONVERSION = YES;
				CLANG_WARN_OBJC_ROOT_CLASS = YES_ERROR;
				CLANG_WARN_QUOTED_INCLUDE_IN_FRAMEWORK_HEADER = YES;
				CLANG_WARN_RANGE_LOOP_ANALYSIS = YES;
				CLANG_WARN_STRICT_PROTOTYPES = YES;
				CLANG_WARN_SUSPICIOUS_MOVE = YES;
				CLANG_WARN_UNGUARDED_AVAILABILITY = YES_AGGRESSIVE;
				CLANG_WARN_UNREACHABLE_CODE = YES;
				CLANG_WARN__DUPLICATE_METHOD_MATCH = YES;
				COPY_PHASE_STRIP = NO;
				DEBUG_INFORMATION_FORMAT = "dwarf-with-dsym";
				ENABLE_NS_ASSERTIONS = NO;
				ENABLE_STRICT_OBJC_MSGSEND = YES;
				ENABLE_USER_SCRIPT_SANDBOXING = YES;
				GCC_C_LANGUAGE_STANDARD = gnu17;
				GCC_NO_COMMON_BLOCKS = YES;
				GCC_WARN_64_TO_32_BIT_CONVERSION = YES;
				GCC_WARN_ABOUT_RETURN_TYPE = YES_ERROR;
				GCC_WARN_UNDECLARED_SELECTOR = YES;
				GCC_WARN_UNINITIALIZED_AUTOS = YES_AGGRESSIVE;
				GCC_WARN_UNUSED_FUNCTION = YES;
				GCC_WARN_UNUSED_VARIABLE = YES;
				IPHONEOS_DEPLOYMENT_TARGET = 17.2;
				LOCALIZATION_PREFERS_STRING_CATALOGS = YES;
				MTL_ENABLE_DEBUG_INFO = NO;
				MTL_FAST_MATH = YES;
				SDKROOT = iphoneos;
				SWIFT_COMPILATION_MODE = wholemodule;
				VALIDATE_PRODUCT = YES;
			};
			name = Release;
		};
		B0561A0B2C209DDF000F93B4 /* Debug */ = {
			isa = XCBuildConfiguration;
			baseConfigurationReference = F9346855BAC3F9EC21FBDB89 /* Pods-ToDoApp.debug.xcconfig */;
			buildSettings = {
				ASSETCATALOG_COMPILER_APPICON_NAME = AppIcon;
				ASSETCATALOG_COMPILER_GLOBAL_ACCENT_COLOR_NAME = AccentColor;
				CODE_SIGN_STYLE = Automatic;
				CURRENT_PROJECT_VERSION = 1;
				DEVELOPMENT_ASSET_PATHS = "\"ToDoApp/Support/Preview Content\"";
				DEVELOPMENT_TEAM = ZA635WC7L2;
				ENABLE_PREVIEWS = YES;
				ENABLE_USER_SCRIPT_SANDBOXING = NO;
				GENERATE_INFOPLIST_FILE = YES;
				INFOPLIST_FILE = ToDoApp/Support/Info.plist;
				INFOPLIST_KEY_UIApplicationSceneManifest_Generation = YES;
				INFOPLIST_KEY_UIApplicationSupportsIndirectInputEvents = YES;
				INFOPLIST_KEY_UILaunchScreen_Generation = YES;
				INFOPLIST_KEY_UISupportedInterfaceOrientations_iPad = "UIInterfaceOrientationPortrait UIInterfaceOrientationPortraitUpsideDown UIInterfaceOrientationLandscapeLeft UIInterfaceOrientationLandscapeRight";
				INFOPLIST_KEY_UISupportedInterfaceOrientations_iPhone = "UIInterfaceOrientationPortrait UIInterfaceOrientationLandscapeLeft UIInterfaceOrientationLandscapeRight";
				IPHONEOS_DEPLOYMENT_TARGET = 16.0;
				LD_RUNPATH_SEARCH_PATHS = (
					"$(inherited)",
					"@executable_path/Frameworks",
				);
				MARKETING_VERSION = 1.0;
				PRODUCT_BUNDLE_IDENTIFIER = com.gor9an.ToDoApp;
				PRODUCT_NAME = "$(TARGET_NAME)";
				SWIFT_EMIT_LOC_STRINGS = YES;
				SWIFT_STRICT_CONCURRENCY = complete;
				SWIFT_VERSION = 5.0;
				TARGETED_DEVICE_FAMILY = "1,2";
			};
			name = Debug;
		};
		B0561A0C2C209DDF000F93B4 /* Release */ = {
			isa = XCBuildConfiguration;
			baseConfigurationReference = F980E5C17A12BA72F6177288 /* Pods-ToDoApp.release.xcconfig */;
			buildSettings = {
				ASSETCATALOG_COMPILER_APPICON_NAME = AppIcon;
				ASSETCATALOG_COMPILER_GLOBAL_ACCENT_COLOR_NAME = AccentColor;
				CODE_SIGN_STYLE = Automatic;
				CURRENT_PROJECT_VERSION = 1;
				DEVELOPMENT_ASSET_PATHS = "\"ToDoApp/Support/Preview Content\"";
				DEVELOPMENT_TEAM = ZA635WC7L2;
				ENABLE_PREVIEWS = YES;
				ENABLE_USER_SCRIPT_SANDBOXING = NO;
				GENERATE_INFOPLIST_FILE = YES;
				INFOPLIST_FILE = ToDoApp/Support/Info.plist;
				INFOPLIST_KEY_UIApplicationSceneManifest_Generation = YES;
				INFOPLIST_KEY_UIApplicationSupportsIndirectInputEvents = YES;
				INFOPLIST_KEY_UILaunchScreen_Generation = YES;
				INFOPLIST_KEY_UISupportedInterfaceOrientations_iPad = "UIInterfaceOrientationPortrait UIInterfaceOrientationPortraitUpsideDown UIInterfaceOrientationLandscapeLeft UIInterfaceOrientationLandscapeRight";
				INFOPLIST_KEY_UISupportedInterfaceOrientations_iPhone = "UIInterfaceOrientationPortrait UIInterfaceOrientationLandscapeLeft UIInterfaceOrientationLandscapeRight";
				IPHONEOS_DEPLOYMENT_TARGET = 16.0;
				LD_RUNPATH_SEARCH_PATHS = (
					"$(inherited)",
					"@executable_path/Frameworks",
				);
				MARKETING_VERSION = 1.0;
				PRODUCT_BUNDLE_IDENTIFIER = com.gor9an.ToDoApp;
				PRODUCT_NAME = "$(TARGET_NAME)";
				SWIFT_EMIT_LOC_STRINGS = YES;
				SWIFT_STRICT_CONCURRENCY = complete;
				SWIFT_VERSION = 5.0;
				TARGETED_DEVICE_FAMILY = "1,2";
			};
			name = Release;
		};
		B0561A212C22F36B000F93B4 /* Debug */ = {
			isa = XCBuildConfiguration;
			baseConfigurationReference = 8F66C3843D39435BA6008169 /* Pods-ToDoAppTests.debug.xcconfig */;
			buildSettings = {
				BUNDLE_LOADER = "$(TEST_HOST)";
				CODE_SIGN_STYLE = Automatic;
				CURRENT_PROJECT_VERSION = 1;
				DEVELOPMENT_TEAM = ZA635WC7L2;
				GENERATE_INFOPLIST_FILE = YES;
				MARKETING_VERSION = 1.0;
				PRODUCT_BUNDLE_IDENTIFIER = com.gor9an.ToDoAppTests;
				PRODUCT_NAME = "$(TARGET_NAME)";
				SWIFT_EMIT_LOC_STRINGS = NO;
				SWIFT_VERSION = 5.0;
				TARGETED_DEVICE_FAMILY = "1,2";
				TEST_HOST = "$(BUILT_PRODUCTS_DIR)/ToDoApp.app/$(BUNDLE_EXECUTABLE_FOLDER_PATH)/ToDoApp";
			};
			name = Debug;
		};
		B0561A222C22F36B000F93B4 /* Release */ = {
			isa = XCBuildConfiguration;
			baseConfigurationReference = 97DDB140CC010665F64E738C /* Pods-ToDoAppTests.release.xcconfig */;
			buildSettings = {
				BUNDLE_LOADER = "$(TEST_HOST)";
				CODE_SIGN_STYLE = Automatic;
				CURRENT_PROJECT_VERSION = 1;
				DEVELOPMENT_TEAM = ZA635WC7L2;
				GENERATE_INFOPLIST_FILE = YES;
				MARKETING_VERSION = 1.0;
				PRODUCT_BUNDLE_IDENTIFIER = com.gor9an.ToDoAppTests;
				PRODUCT_NAME = "$(TARGET_NAME)";
				SWIFT_EMIT_LOC_STRINGS = NO;
				SWIFT_VERSION = 5.0;
				TARGETED_DEVICE_FAMILY = "1,2";
				TEST_HOST = "$(BUILT_PRODUCTS_DIR)/ToDoApp.app/$(BUNDLE_EXECUTABLE_FOLDER_PATH)/ToDoApp";
			};
			name = Release;
		};
/* End XCBuildConfiguration section */

/* Begin XCConfigurationList section */
		B05619F72C209DDB000F93B4 /* Build configuration list for PBXProject "ToDoApp" */ = {
			isa = XCConfigurationList;
			buildConfigurations = (
				B0561A082C209DDF000F93B4 /* Debug */,
				B0561A092C209DDF000F93B4 /* Release */,
			);
			defaultConfigurationIsVisible = 0;
			defaultConfigurationName = Release;
		};
		B0561A0A2C209DDF000F93B4 /* Build configuration list for PBXNativeTarget "ToDoApp" */ = {
			isa = XCConfigurationList;
			buildConfigurations = (
				B0561A0B2C209DDF000F93B4 /* Debug */,
				B0561A0C2C209DDF000F93B4 /* Release */,
			);
			defaultConfigurationIsVisible = 0;
			defaultConfigurationName = Release;
		};
		B0561A202C22F36B000F93B4 /* Build configuration list for PBXNativeTarget "ToDoAppTests" */ = {
			isa = XCConfigurationList;
			buildConfigurations = (
				B0561A212C22F36B000F93B4 /* Debug */,
				B0561A222C22F36B000F93B4 /* Release */,
			);
			defaultConfigurationIsVisible = 0;
			defaultConfigurationName = Release;
		};
/* End XCConfigurationList section */

/* Begin XCRemoteSwiftPackageReference section */
		B086E6432C41FBFF00DAED86 /* XCRemoteSwiftPackageReference "TodoItemsFileCache" */ = {
			isa = XCRemoteSwiftPackageReference;
			repositoryURL = "https://github.com/gor9an/TodoItemsFileCache.git";
			requirement = {
				branch = main;
				kind = branch;
			};
		};
		B0BD26EC2C3D3B0900B3268B /* XCRemoteSwiftPackageReference "CocoaLumberjack" */ = {
			isa = XCRemoteSwiftPackageReference;
			repositoryURL = "https://github.com/CocoaLumberjack/CocoaLumberjack.git";
			requirement = {
				kind = upToNextMajorVersion;
				minimumVersion = 3.8.5;
			};
		};
/* End XCRemoteSwiftPackageReference section */

/* Begin XCSwiftPackageProductDependency section */
		B03365E82C42929C00E35D7A /* TodoItemsFileCache */ = {
			isa = XCSwiftPackageProductDependency;
			package = B086E6432C41FBFF00DAED86 /* XCRemoteSwiftPackageReference "TodoItemsFileCache" */;
			productName = TodoItemsFileCache;
		};
		B0BD26ED2C3D3B0900B3268B /* CocoaLumberjack */ = {
			isa = XCSwiftPackageProductDependency;
			package = B0BD26EC2C3D3B0900B3268B /* XCRemoteSwiftPackageReference "CocoaLumberjack" */;
			productName = CocoaLumberjack;
		};
		B0BD26EF2C3D3B0900B3268B /* CocoaLumberjackSwift */ = {
			isa = XCSwiftPackageProductDependency;
			package = B0BD26EC2C3D3B0900B3268B /* XCRemoteSwiftPackageReference "CocoaLumberjack" */;
			productName = CocoaLumberjackSwift;
		};
		B0BD26F12C3D3B0900B3268B /* CocoaLumberjackSwiftLogBackend */ = {
			isa = XCSwiftPackageProductDependency;
			package = B0BD26EC2C3D3B0900B3268B /* XCRemoteSwiftPackageReference "CocoaLumberjack" */;
			productName = CocoaLumberjackSwiftLogBackend;
		};
/* End XCSwiftPackageProductDependency section */
	};
	rootObject = B05619F42C209DDB000F93B4 /* Project object */;
}
